
Microsoft Visual Studio Solution File, Format Version 12.00
# Visual Studio 15
VisualStudioVersion = 15.0.26403.0
MinimumVisualStudioVersion = 10.0.40219.1
Project("{FAE04EC0-301F-11D3-BF4B-00C04F79EFBC}") = "GuitarPracticeTrackerMethods", "Methods\GuitarPracticeTrackerMethods.csproj", "{FFFBE1EB-CD9C-46A7-927E-CC375BE0D902}"
EndProject
Project("{FAE04EC0-301F-11D3-BF4B-00C04F79EFBC}") = "UI", "UI\UI.csproj", "{02EFDB91-799C-44B6-960D-AF99A7513C69}"
EndProject
Global
	GlobalSection(SolutionConfigurationPlatforms) = preSolution
		Debug|Any CPU = Debug|Any CPU
		Release|Any CPU = Release|Any CPU
	EndGlobalSection
	GlobalSection(ProjectConfigurationPlatforms) = postSolution
		{FFFBE1EB-CD9C-46A7-927E-CC375BE0D902}.Debug|Any CPU.ActiveCfg = Debug|Any CPU
		{FFFBE1EB-CD9C-46A7-927E-CC375BE0D902}.Debug|Any CPU.Build.0 = Debug|Any CPU
		{FFFBE1EB-CD9C-46A7-927E-CC375BE0D902}.Release|Any CPU.ActiveCfg = Release|Any CPU
		{FFFBE1EB-CD9C-46A7-927E-CC375BE0D902}.Release|Any CPU.Build.0 = Release|Any CPU
		{02EFDB91-799C-44B6-960D-AF99A7513C69}.Debug|Any CPU.ActiveCfg = Debug|Any CPU
		{02EFDB91-799C-44B6-960D-AF99A7513C69}.Debug|Any CPU.Build.0 = Debug|Any CPU
		{02EFDB91-799C-44B6-960D-AF99A7513C69}.Release|Any CPU.ActiveCfg = Release|Any CPU
		{02EFDB91-799C-44B6-960D-AF99A7513C69}.Release|Any CPU.Build.0 = Release|Any CPU
	EndGlobalSection
	GlobalSection(SolutionProperties) = preSolution
		HideSolutionNode = FALSE
	EndGlobalSection
EndGlobal
